
Microsoft Visual Studio Solution File, Format Version 12.00
# Visual Studio Version 16
VisualStudioVersion = 16.0.30523.141
MinimumVisualStudioVersion = 10.0.40219.1
Project("{FAE04EC0-301F-11D3-BF4B-00C04F79EFBC}") = "PF_0030482013005", "..\PF_0030482013005\PF_0030482013005.csproj", "{D25FE324-6003-4E71-8C13-13CE0EEA50F9}"
EndProject
Global
	GlobalSection(SolutionConfigurationPlatforms) = preSolution
		Debug|Any CPU = Debug|Any CPU
		Release|Any CPU = Release|Any CPU
	EndGlobalSection
	GlobalSection(ProjectConfigurationPlatforms) = postSolution
		{D25FE324-6003-4E71-8C13-13CE0EEA50F9}.Debug|Any CPU.ActiveCfg = Debug|Any CPU
		{D25FE324-6003-4E71-8C13-13CE0EEA50F9}.Debug|Any CPU.Build.0 = Debug|Any CPU
		{D25FE324-6003-4E71-8C13-13CE0EEA50F9}.Release|Any CPU.ActiveCfg = Release|Any CPU
		{D25FE324-6003-4E71-8C13-13CE0EEA50F9}.Release|Any CPU.Build.0 = Release|Any CPU
	EndGlobalSection
	GlobalSection(SolutionProperties) = preSolution
		HideSolutionNode = FALSE
	EndGlobalSection
	GlobalSection(ExtensibilityGlobals) = postSolution
		SolutionGuid = {215B6FC8-3C93-4CB0-AAAE-C26CC0FF52EB}
	EndGlobalSection
EndGlobal
